<?xml version="1.0" encoding="utf-8"?>
<Project ToolsVersion="4.0" xmlns="http://schemas.microsoft.com/developer/msbuild/2003">
  <ItemGroup>
    <Filter Include="Файлы заголовков">
      <UniqueIdentifier>{93995380-89BD-4b04-88EB-625FBE52EBFB}</UniqueIdentifier>
      <Extensions>h;hh;hpp;hxx;h++;hm;inl;inc;ipp;xsd</Extensions>
    </Filter>
    <Filter Include="Файлы ресурсов">
      <UniqueIdentifier>{67DA6AB6-F800-4c08-8B7A-83BB121AAD01}</UniqueIdentifier>
      <Extensions>rc;ico;cur;bmp;dlg;rc2;rct;bin;rgs;gif;jpg;jpeg;jpe;resx;tiff;tif;png;wav;mfcribbon-ms</Extensions>
    </Filter>
    <Filter Include="Engine">
      <UniqueIdentifier>{7ee3926b-5faa-42b2-addc-fd0e6c1640d9}</UniqueIdentifier>
    </Filter>
    <Filter Include="Main">
      <UniqueIdentifier>{c5dec50e-762f-4d27-ae10-72d4539fcf59}</UniqueIdentifier>
    </Filter>
    <Filter Include="CodeStyle">
      <UniqueIdentifier>{6412e020-e35d-43e9-949d-6f3718d358e5}</UniqueIdentifier>
    </Filter>
    <Filter Include="#Ball">
      <UniqueIdentifier>{d611dbbe-d62d-4af7-8714-c3c69867ff64}</UniqueIdentifier>
    </Filter>
    <Filter Include="#Ball\Ball">
      <UniqueIdentifier>{f01922f1-ecc5-4d0c-a763-34d904b1c0e8}</UniqueIdentifier>
    </Filter>
    <Filter Include="#Ball\Ball_Set">
      <UniqueIdentifier>{b36501f2-732e-4a0a-bd24-fe3e778440dd}</UniqueIdentifier>
    </Filter>
    <Filter Include="#Laser_Beam">
      <UniqueIdentifier>{f741b5f0-9ab9-4805-950b-7ee9faf70010}</UniqueIdentifier>
    </Filter>
    <Filter Include="#Laser_Beam\Laser_Beam">
      <UniqueIdentifier>{1e4b26ff-f5c5-4cbd-be8b-b96fd435e55e}</UniqueIdentifier>
    </Filter>
    <Filter Include="#Laser_Beam\Laser_Beam_Set">
      <UniqueIdentifier>{de094d22-3462-44c6-b79d-4c86800cd15b}</UniqueIdentifier>
    </Filter>
    <Filter Include="#Platform">
      <UniqueIdentifier>{9344fa1e-be9c-4ab2-b329-d5d98945861a}</UniqueIdentifier>
    </Filter>
    <Filter Include="#Platform\Platform">
      <UniqueIdentifier>{8175cfb7-d93f-45f1-a3d5-f3ab10c96fe9}</UniqueIdentifier>
    </Filter>
    <Filter Include="#Platform\Platform_Expanding">
      <UniqueIdentifier>{77dcc217-aded-47e7-8866-67460a3c653d}</UniqueIdentifier>
    </Filter>
    <Filter Include="#Platform\Platform_Glue">
      <UniqueIdentifier>{ee22f29d-60bd-4f7a-9bfd-0a844109422e}</UniqueIdentifier>
    </Filter>
    <Filter Include="#Platform\Platform_Laser">
      <UniqueIdentifier>{19bd19ad-e487-40f1-9f0a-9a8c453f375e}</UniqueIdentifier>
    </Filter>
    <Filter Include="#Platform\Platform_State">
      <UniqueIdentifier>{d7d99e58-6d5b-4594-82f2-9c55cbf3ccf8}</UniqueIdentifier>
    </Filter>
    <Filter Include="#Tools">
      <UniqueIdentifier>{4f41d897-8f07-4927-925b-9efde1c54ac5}</UniqueIdentifier>
    </Filter>
    <Filter Include="#Tools\Config">
      <UniqueIdentifier>{02149540-bb26-41fb-898d-7c9fb9f89a92}</UniqueIdentifier>
    </Filter>
    <Filter Include="#Border">
      <UniqueIdentifier>{cd13f2b5-fed4-4a6a-8c62-1a13889e585f}</UniqueIdentifier>
    </Filter>
    <Filter Include="#Border\Border">
      <UniqueIdentifier>{c68d576c-598e-4181-bf5b-2d53cad3d350}</UniqueIdentifier>
    </Filter>
    <Filter Include="#Border\Gate">
      <UniqueIdentifier>{e2aae4fd-9190-4082-bcab-d4e5eda82cf8}</UniqueIdentifier>
    </Filter>
    <Filter Include="#Tools\Common">
      <UniqueIdentifier>{97a883b2-ed6a-4ef8-8230-522cc1810e57}</UniqueIdentifier>
    </Filter>
    <Filter Include="#Monsters">
      <UniqueIdentifier>{e1f3d989-af0f-4126-8c89-5c84db7e881f}</UniqueIdentifier>
    </Filter>
    <Filter Include="#Monsters\Monster_Set">
      <UniqueIdentifier>{318cfc44-22c6-4f7d-97ed-9c3252c2595d}</UniqueIdentifier>
    </Filter>
    <Filter Include="#Monsters\Explosive_Ball">
      <UniqueIdentifier>{dbd59dd8-c27c-4943-a8b1-d2f0985574eb}</UniqueIdentifier>
    </Filter>
    <Filter Include="#Monsters\Monster">
      <UniqueIdentifier>{2d7de4cf-b69d-4ce2-b8c7-f430eba07c0c}</UniqueIdentifier>
    </Filter>
    <Filter Include="#Screen">
      <UniqueIdentifier>{c815b5c0-d3be-4243-a091-26c7950a22ce}</UniqueIdentifier>
    </Filter>
    <Filter Include="#Screen\Info_Panel">
      <UniqueIdentifier>{f6679eb5-c7ec-4cb6-b442-e540ab48dff0}</UniqueIdentifier>
    </Filter>
    <Filter Include="#Screen\Level">
      <UniqueIdentifier>{94c11407-a268-4f75-bf27-3c061660d5f9}</UniqueIdentifier>
    </Filter>
    <Filter Include="#Screen\Falling_Letter">
      <UniqueIdentifier>{82f700bd-8330-4b32-ab32-137f0f984359}</UniqueIdentifier>
    </Filter>
    <Filter Include="#Screen\Active_Brick">
      <UniqueIdentifier>{d5ad6cdc-ffb9-400b-a63a-4785289aeca0}</UniqueIdentifier>
    </Filter>
    <Filter Include="#Screen\Indicator">
      <UniqueIdentifier>{735d06d1-f7b8-496b-aa3e-0ba4780e4cb0}</UniqueIdentifier>
    </Filter>
    <Filter Include="#Screen\Level_Data">
      <UniqueIdentifier>{232c5aad-ae97-473d-90b4-ed1e4264c1cc}</UniqueIdentifier>
    </Filter>
    <Filter Include="#Mop">
      <UniqueIdentifier>{1fc8c7e6-e4a3-4f81-a834-c9561cf2aa10}</UniqueIdentifier>
    </Filter>
    <Filter Include="#Mop\Mop">
      <UniqueIdentifier>{9514a0f2-d641-4e01-a648-aa6a42d04dc2}</UniqueIdentifier>
    </Filter>
    <Filter Include="#Mop\Mop_Indicator">
      <UniqueIdentifier>{0a621038-71e5-4ebe-ae0b-10d582d31110}</UniqueIdentifier>
    </Filter>
    <Filter Include="#Mop\Mop_Cylinder">
      <UniqueIdentifier>{1de856ae-538d-44c9-820a-03d36509a6f2}</UniqueIdentifier>
    </Filter>
  </ItemGroup>
  <ItemGroup>
    <ClInclude Include="framework.h">
      <Filter>Файлы заголовков</Filter>
    </ClInclude>
    <ClInclude Include="targetver.h">
      <Filter>Файлы заголовков</Filter>
    </ClInclude>
    <ClInclude Include="Resource.h">
      <Filter>Файлы заголовков</Filter>
    </ClInclude>
    <ClInclude Include="Active_Brick.h">
      <Filter>#Screen\Active_Brick</Filter>
    </ClInclude>
    <ClInclude Include="Ball.h">
      <Filter>#Ball\Ball</Filter>
    </ClInclude>
    <ClInclude Include="Border.h">
      <Filter>#Border\Border</Filter>
    </ClInclude>
    <ClInclude Include="Config.h">
      <Filter>#Tools\Config</Filter>
    </ClInclude>
    <ClInclude Include="Engine.h">
      <Filter>Engine</Filter>
    </ClInclude>
    <ClInclude Include="Falling_Letter.h">
      <Filter>#Screen\Falling_Letter</Filter>
    </ClInclude>
    <ClInclude Include="Level.h">
      <Filter>#Screen\Level</Filter>
    </ClInclude>
    <ClInclude Include="Main.h">
      <Filter>Main</Filter>
    </ClInclude>
    <ClInclude Include="Platform.h">
      <Filter>#Platform\Platform</Filter>
    </ClInclude>
    <ClInclude Include="CodeStyle.h">
      <Filter>CodeStyle</Filter>
    </ClInclude>
    <ClInclude Include="Ball_Set.h">
      <Filter>#Ball\Ball_Set</Filter>
    </ClInclude>
    <ClInclude Include="Laser_Beam.h">
      <Filter>#Laser_Beam\Laser_Beam</Filter>
    </ClInclude>
    <ClInclude Include="Common.h">
      <Filter>#Tools\Common</Filter>
    </ClInclude>
    <ClInclude Include="Laser_Beam_Set.h">
      <Filter>#Laser_Beam\Laser_Beam_Set</Filter>
    </ClInclude>
    <ClInclude Include="Platform_State.h">
      <Filter>#Platform\Platform_State</Filter>
    </ClInclude>
    <ClInclude Include="Platform_Glue.h">
      <Filter>#Platform\Platform_Glue</Filter>
    </ClInclude>
    <ClInclude Include="Platform_Expanding.h">
      <Filter>#Platform\Platform_Expanding</Filter>
    </ClInclude>
    <ClInclude Include="Platform_Laser.h">
      <Filter>#Platform\Platform_Laser</Filter>
    </ClInclude>
    <ClInclude Include="Gate.h">
      <Filter>#Border\Gate</Filter>
    </ClInclude>
    <ClInclude Include="Monster_Set.h">
      <Filter>#Monsters\Monster_Set</Filter>
    </ClInclude>
    <ClInclude Include="Explosive_Ball.h">
      <Filter>#Monsters\Explosive_Ball</Filter>
    </ClInclude>
    <ClInclude Include="Monster.h">
      <Filter>#Monsters\Monster</Filter>
    </ClInclude>
    <ClInclude Include="Info_Panel.h">
      <Filter>#Screen\Info_Panel</Filter>
    </ClInclude>
    <ClInclude Include="Indicator.h">
      <Filter>#Screen\Indicator</Filter>
    </ClInclude>
    <ClInclude Include="Level_Data.h">
      <Filter>#Screen\Level_Data</Filter>
    </ClInclude>
    <ClInclude Include="Mop.h">
      <Filter>#Mop\Mop</Filter>
    </ClInclude>
    <ClInclude Include="Mop_Indicator.h">
      <Filter>#Mop\Mop_Indicator</Filter>
    </ClInclude>
    <ClInclude Include="Mop_Cylinder.h">
      <Filter>#Mop\Mop_Cylinder</Filter>
    </ClInclude>
  </ItemGroup>
  <ItemGroup>
    <ResourceCompile Include="PopCorn.rc">
      <Filter>Файлы ресурсов</Filter>
    </ResourceCompile>
  </ItemGroup>
  <ItemGroup>
    <Image Include="small.ico">
      <Filter>Файлы ресурсов</Filter>
    </Image>
    <Image Include="PopCorn.ico">
      <Filter>Файлы ресурсов</Filter>
    </Image>
  </ItemGroup>
  <ItemGroup>
    <ClCompile Include="Active_Brick.cpp">
      <Filter>#Screen\Active_Brick</Filter>
    </ClCompile>
    <ClCompile Include="Ball.cpp">
      <Filter>#Ball\Ball</Filter>
    </ClCompile>
    <ClCompile Include="Border.cpp">
      <Filter>#Border\Border</Filter>
    </ClCompile>
    <ClCompile Include="Config.cpp">
      <Filter>#Tools\Config</Filter>
    </ClCompile>
    <ClCompile Include="Engine.cpp">
      <Filter>Engine</Filter>
    </ClCompile>
    <ClCompile Include="Falling_Letter.cpp">
      <Filter>#Screen\Falling_Letter</Filter>
    </ClCompile>
    <ClCompile Include="Level.cpp">
      <Filter>#Screen\Level</Filter>
    </ClCompile>
    <ClCompile Include="Mian.cpp">
      <Filter>Main</Filter>
    </ClCompile>
    <ClCompile Include="Platform.cpp">
      <Filter>#Platform\Platform</Filter>
    </ClCompile>
    <ClCompile Include="CodeStyle.cpp">
      <Filter>CodeStyle</Filter>
    </ClCompile>
    <ClCompile Include="Ball_Set.cpp">
      <Filter>#Ball\Ball_Set</Filter>
    </ClCompile>
    <ClCompile Include="Laser_Beam.cpp">
      <Filter>#Laser_Beam\Laser_Beam</Filter>
    </ClCompile>
    <ClCompile Include="Common.cpp">
      <Filter>#Tools\Common</Filter>
    </ClCompile>
    <ClCompile Include="Laser_Beam_Set.cpp">
      <Filter>#Laser_Beam\Laser_Beam_Set</Filter>
    </ClCompile>
    <ClCompile Include="Platform_State.cpp">
      <Filter>#Platform\Platform_State</Filter>
    </ClCompile>
    <ClCompile Include="Platform_Glue.cpp">
      <Filter>#Platform\Platform_Glue</Filter>
    </ClCompile>
    <ClCompile Include="Platform_Expanding.cpp">
      <Filter>#Platform\Platform_Expanding</Filter>
    </ClCompile>
    <ClCompile Include="Platform_Laser.cpp">
      <Filter>#Platform\Platform_Laser</Filter>
    </ClCompile>
    <ClCompile Include="Gate.cpp">
      <Filter>#Border\Gate</Filter>
    </ClCompile>
    <ClCompile Include="Monster_Set.cpp">
      <Filter>#Monsters\Monster_Set</Filter>
    </ClCompile>
    <ClCompile Include="Explosive_Ball.cpp">
      <Filter>#Monsters\Explosive_Ball</Filter>
    </ClCompile>
    <ClCompile Include="Monster.cpp">
      <Filter>#Monsters\Monster</Filter>
    </ClCompile>
    <ClCompile Include="Info_Panel.cpp">
      <Filter>#Screen\Info_Panel</Filter>
    </ClCompile>
    <ClCompile Include="Indicator.cpp">
      <Filter>#Screen\Indicator</Filter>
    </ClCompile>
    <ClCompile Include="Level_Data.cpp">
      <Filter>#Screen\Level_Data</Filter>
    </ClCompile>
    <ClCompile Include="Mop.cpp">
      <Filter>#Mop\Mop</Filter>
    </ClCompile>
    <ClCompile Include="Mop_Indicator.cpp">
      <Filter>#Mop\Mop_Indicator</Filter>
    </ClCompile>
    <ClCompile Include="Mop_Cylinder.cpp">
      <Filter>#Mop\Mop_Cylinder</Filter>
    </ClCompile>
  </ItemGroup>
</Project>